---
user_login: blakeplock
user_nicename: blakeplock
user_email: shelly@yetanalytics.com
user_url: ''
user_registered: '2015-04-24 19:52:27'
display_name: Shelly Blake-Plock
first_name: Shelly
last_name: Blake-Plock
user_status: ''
roles: member
name: Shelly Blake-Plock
type: ''
profession: ''
education: ''
skills:
- Entrepreneur
picture: http://baltimoretech1.wpengine.com/wp-content/uploads/profiles/84/croppedImg_2065360777.jpeg
resume_url: ''
general info:
  bio: Building big data tech with the Yet crew at the ETC.
  location: Baltimore City
  neighborhood: Waverly
  name: Shelly Blake-Plock
links:
  twitter: http://twitter.com/blakeplock
